<structure>
{
  "name": "github-trending-3d",
  "version": "1.0.0",
  "lockfileVersion": 3,
  "requires": true,
  "packages": {
    "": {
      "name": "github-trending-3d",
      "version": "1.0.0",
      "license": "MIT",
      "dependencies": {
        "@react-three/drei": "9.92.7",
        "@react-three/fiber": "8.15.19",
        "axios": "1.6.0",
        "framer-motion": "12.6.3",
        "react": "^18.3.1",
        "react-dom": "^18.3.1",
        "three": "^0.159.0"
      },
      "devDependencies": {
        "@typescript-eslint/eslint-plugin": "8.32.0",
        "@typescript-eslint/parser": "8.32.0",
        "@types/react": "18.0.0",
        "@types/react-dom": "18.0.0",
        "@types/three": "0.162.0",
        "@vitejs/plugin-react": "^3.0.0",
        "autoprefixer": "^10.4.17",
        "eslint": "^8.0.0",
        "eslint-config-prettier": "^10.1.5",
        "eslint-plugin-react": "^7.37.5",
        "postcss": "^8.4.31",
        "prettier": "^3.2.5",
        "tailwindcss": "3.3.5",
        "typescript": "^5.0.0",
        "vite": "^4.0.0"
      }
    },
    "node_modules/@react-three/drei": {
      "version": "9.92.7",
      "resolved": "https://registry.npmjs.org/@react-three/drei/-/drei-9.92.7.tgz",
      "integrity": "sha512-7o15Pp9gC/6zXW17T2rN4I+u9vH/mH1qU59q4S3P+kG53K9Gz0iKZn63oM8Y56p98f37Ld57aW+p483L3i2bA==",
      "peerDependencies": {
        "@react-spring/core": "^9.0.0",
        "@react-spring/three": "^9.0.0",
        "@types/react": ">=16.8",
        "leva": ">=0.9.34",
        "postprocessing": ">=6.21.2",
        "react": ">=16.8",
        "react-dom": ">=16.8",
        "three": ">=140"
      },
      "peerDependenciesMeta": {
        "@react-spring/core": {
          "optional": true
        },
        "@react-spring/three": {
          "optional": true
        },
        "leva": {
          "optional": true
        },
        "postprocessing": {
          "optional": true
        }
      }
    },
    "node_modules/@react-three/fiber": {
      "version": "8.15.19",
      "resolved": "https://registry.npmjs.org/@react-three/fiber/-/fiber-8.15.19.tgz",
      "integrity": "sha512-oYtJ51eTzO8uV6gSg9Fm3G5F+v3+FwXJqs67JtqP/y1j07mF2cEuI9b1oJj2a2nB/gH7p7Jt/753u64ySvw==",
      "peerDependencies": {
        "@types/react": ">=16.8",
        "@types/react-native": "*",
        "react": ">=16.8",
        "react-dom": ">=16.8",
        "react-native": "*",
        "three": ">=140"
      },
      "peerDependenciesMeta": {
        "@types/react-native": {
          "optional": true
        },
        "react-native": {
          "optional": true
        }
      }
    },
    "node_modules/@typescript-eslint/eslint-plugin": {
      "version": "8.32.0",
      "resolved": "https://registry.npmjs.org/@typescript-eslint/eslint-plugin/-/eslint-plugin-8.32.0.tgz",
      "integrity": "sha512-98649R69i4yB6a9+9C3c/z06QSY2wWlW8J/k08XT9G9K09XU14W+4e9lC6gqJwaN/z4gX9aY16u/hPSt2eFhA==",
      "dependencies": {
        "debug": "^4.3.4",
        "glob": "^7.2.3",
        "ignore": "^5.2.0",
        "regexpp": "^4.4.0",
        "semver": "^7.3.5",
        "ts-api-utils": "^1.0.0",
        "tsutils": "^3.21.0"
      },
      "peerDependencies": {
        "@typescript-eslint/parser": "8.32.0",
        "eslint": "^6.0.0 || ^7.0.0 || ^8.0.0"
      },
      "engines": {
        "node": ">=12.0.0"
      }
    },
    "node_modules/@typescript-eslint/parser": {
      "version": "8.32.0",
      "resolved": "https://registry.npmjs.org/@typescript-eslint/parser/-/parser-8.32.0.tgz",
      "integrity": "sha512-j74v8tW7wP1FzV8m4C/1m+916Lp3O8s2F9s6GEW/uE+09iW8O7zY4yB+94m61673X+vI1on+4j77x4EwJTw==",
      "dependencies": {
        "@typescript-eslint/scope-manager": "5.62.0",
        "@typescript-eslint/types": "5.62.0",
        "@typescript-eslint/visitor-keys": "5.62.0",
        "debug": "^4.3.4",
        "glob": "^7.2.3",
        "ignore": "^5.2.0",
        "semver": "^7.3.5",
        "ts-api-utils": "^1.0.0",
        "tsutils": "^3.21.0"
      },
      "peerDependencies": {
        "eslint": "^6.0.0 || ^7.0.0 || ^8.0.0"
      },
      "engines": {
        "node": ">=12.0.0"
      }
    },
    "node_modules/@typescript-eslint/scope-manager": {
      "version": "5.62.0",
      "resolved": "https://registry.npmjs.org/@typescript-eslint/scope-manager/-/scope-manager-5.62.0.tgz",
      "integrity": "sha512-Vsqm1H3pS/Yy5jB9iyJz9U+1yX+Y8L5H/2yqI/BJH3/1d1O0kQ1QG56347YhJ2KxQzJ60sQf/07yLzL9w5g+w==",
      "dependencies": {
        "@typescript-eslint/visitor-keys": "5.62.0",
        "debug": "^4.3.4",
        "eslint-scope": "^5.1.1"
      },
      "engines": {
        "node": ">=12.0.0"
      }
    },
    "node_modules/@typescript-eslint/types": {
      "version": "5.62.0",
      "resolved": "https://registry.npmjs.org/@typescript-eslint/types/-/types-5.62.0.tgz",
      "integrity": "sha512-9H9k+k4L3+d4LwV9j0oW205Yh/B3uE59FqGgM80k8d+k5pCMlP9XvR6TzH/5JXxD+X4h/K65NPe2+eD08F2ug==",
      "engines": {
        "node": ">=12.0.0"
      }
    },
    "node_modules/@typescript-eslint/visitor-keys": {
      "version": "5.62.0",
      "resolved": "https://registry.npmjs.org/@typescript-eslint/visitor-keys/-/visitor-keys-5.62.0.tgz",
      "integrity": "sha512-a1E7H7qg9m7K/24Xy7HkFpGvjVdG1gJ7Vn8tmgz690I2vW6448W0Hh13o/jS1h4VwXn1z1G99qH8W6yVj6Xg==",
      "engines": {
        "node": ">=12.0.0"
      }
    },
    "node_modules/@types/prop-types": {
      "version": "15.7.11",
      "resolved": "https://registry.npmjs.org/@types/prop-types/-/prop-types-15.7.11.tgz",
      "integrity": "sha512-kyYcb3271Jp8T6VZTQ5f1O3lwV65VtKbiEkeVUDJ+nrZ4Ft4q/EvG3J3FsGtU1gZnM03w4KeQWj89K0EPfgvw=="
    },
    "node_modules/@types/react": {
      "version": "18.0.0",
      "resolved": "https://registry.npmjs.org/@types/react/-/react-18.0.0.tgz",
      "integrity": "sha512-p9eQCYt+ybwB9NTmQzav6jS02/DfxWf1x9dF0vBvJbl+kpj4+lgJz32m0zZHgjQxCrYd0t/GIRVYy0uHro38w==",
      "dependencies": {
        "@types/prop-types": "*",
        "@types/scheduler": "*",
        "csstype": "^3.0.2"
      }
    },
    "node_modules/@types/react-dom": {
      "version": "18.0.0",
      "resolved": "https://registry.npmjs.org/@types/react-dom/-/react-dom-18.0.0.tgz",
      "integrity": "sha512-mhc7b3W35w28cdt844lDkpvXhF5V+59Dt1uJ7Y0U5/Y2iU8S349p6H09+NAWwB4fRjDqV4aJ/Z5yXJ4J1M+yg==",
      "dependencies": {
        "@types/react": "*"
      }
    },
    "node_modules/@types/scheduler": {
      "version": "0.16.6",
      "resolved": "https://registry.npmjs.org/@types/scheduler/-/scheduler-0.16.6.tgz",
      "integrity": "sha512-gezztm8Qvj8qV1Mjt4ogw+lG9dJg00M0sBw1Vl6W5/i2Vj8B/a9T1Q8jW03gq6jN1h9i9b7Y0C/c95B031n0g=="
    },
    "node_modules/@types/three": {
      "version": "0.162.0",
      "resolved": "https://registry.npmjs.org/@types/three/-/three-0.162.0.tgz",
      "integrity": "sha512-k9sIys/f6l4M836H+iJzC4j75x1J9p7v3v5Q3K3F7g89a9qF1aKj2zH2O/c6h/V6KxU3r5Q8iK3R36s2i2Q=="
    },
    "node_modules/@vitejs/plugin-react": {
      "version": "3.0.0",
      "resolved": "https://registry.npmjs.org/@vitejs/plugin-react/-/plugin-react-3.0.0.tgz",
      "integrity": "sha512-9kQL3hY9vD25y1j3K6mU/qFvXz6oE3XWc8kQYyM+j/7573t09iWk5mY6x2955L25q1yYkY5IHu4qL12J7tg==",
      "dependencies": {
        "@babel/core": "^7.15.0",
        "@babel/plugin-syntax-jsx": "^7.14.5",
        "@babel/plugin-transform-react-jsx": "^7.14.9",
        "@babel/plugin-transform-react-jsx-development": "^7.14.5",
        "@babel/preset-typescript": "^7.18.6",
        "esbuild": "^0.14.47",
        "fast-glob": "^3.2.11",
        "html-escaper": "^3.0.0",
        "react-refresh": "^0.14.0"
      },
      "engines": {
        "node": ">=14.18.0"
      },
      "peerDependencies": {
        "react": ">=16.8.0",
        "react-dom": ">=16.8.0"
      }
    },
    "node_modules/axios": {
      "version": "1.6.0",
      "resolved": "https://registry.npmjs.org/axios/-/axios-1.6.0.tgz",
      "integrity": "sha512-jRFiyvQmF9MGLWjWYlU6jyE5nHhy2YSPmAq83CcT7WJR899Ek9L2fJ36wKPTzP9DDz6ODoJ9J0kGyQBbW0iekQ==",
      "dependencies": {
        "follow-redirects": "^1.15.3",
        "form-data": "^4.0.0"
      }
    },
    "node_modules/browserslist": {
      "version": "4.23.0",
      "resolved": "https://registry.npmjs.org/browserslist/-/browserslist-4.23.0.tgz",
      "integrity": "sha512-Af9WXCLgY6E/W3O5l59F3wzRjH1f9p2vH0Wv1011bC/cW0Yw+g4iOEu5S+9j7W8D6+U58r6j7W4t+w7+w==",
      "engines": {
        "node": ">=14"
      },
      "funding": {
        "type": "opencollective",
        "url": "https://opencollective.com/browserslist"
      }
    },
    "node_modules/csstype": {
      "version": "3.1.2",
      "resolved": "https://registry.npmjs.org/csstype/-/csstype-3.1.2.tgz",
      "integrity": "sha512-J7w86nVjWJqWqasq9Es6JiEc3jzfFJK6j7yzxp+7aJDG7S1JmJTGjbzXjRjEpHcRK67RplKxdKi546xJZyZLAw=="
    },
    "node_modules/debug": {
      "version": "4.3.4",
      "resolved": "https://registry.npmjs.org/debug/-/debug-4.3.4.tgz",
      "integrity": "sha512-CZVTsiOTzuVDJU0i25jNh72YOe3kqS6Ok6ZmxwZM7L3czFGowK92K6hwahUTq+K4WnLe5YLyrC4UvY9EQB6vww==",
      "dependencies": {
        "ms": "2.1.2"
      },
      "engines": {
        "node": ">=6.0"
      },
      "supports": {
        "browser": true
      }
    },
    "node_modules/eslint": {
      "version": "8.0.0",
      "resolved": "https://registry.npmjs.org/eslint/-/eslint-8.0.0.tgz",
      "integrity": "sha512-uQ0hT3E9J8m1rWdwyGWe0w1wT/vHkC7XF4r2WZD/Y2a7mE35p+d0w6xJk+24H/8M+u9+Q0izb14C9lq0a1hvg==",
      "dependencies": {
        "ajv": "^8.8.0",
        "eslint-scope": "^5.1.1",
        "eslint-utils": "^3.0.0",
        "espree": "^9.0.0",
        "esquery": "^1.4.0",
        "file-entry-cache": "^2.0.0",
        "glob-parent": "^5.1.2",
        "ignore": "^5.1.0",
        "import-fresh": "^3.2.1",
        "js-yaml": "^4.1.0",
        "json-stable-stringify-without-jsonify": "^1.0.8",
        "lodash.merge": "^4.6.2",
        "minimatch": "^3.0.4",
        "natural-compare": "^1.4.0",
        "optionator": "^0.9.1",
        "strip-json-comments": "^3.1.1"
      },
      "bin": {
        "eslint": "bin/eslint.js"
      },
      "engines": {
        "node": "^12.17.0 || ^14.0.0 || >=16.0.0"
      },
      "funding": {
        "url": "https://opencollective.com/eslint"
      }
    },
    "node_modules/eslint-config-prettier": {
      "version": "10.1.5",
      "resolved": "https://registry.npmjs.org/eslint-config-prettier/-/eslint-config-prettier-10.1.5.tgz",
      "integrity": "sha512-YV3qJ0BqFN0hb6l9P7X7bESL6Xz8eW9aQO65tLwQ3YnC95q69T0yFmD0K0aU9Yv+t37yJ7zOYoB337J2gN3mg==",
      "peerDependencies": {
        "eslint": ">=8.0.0",
        "prettier": ">=3.0.0"
      }
    },
    "node_modules/eslint-plugin-react": {
      "version": "7.37.5",
      "resolved": "https://registry.npmjs.org/eslint-plugin-react/-/eslint-plugin-react-7.37.5.tgz",
      "integrity": "sha512-q9Wc34W23h8M9nK0lP7c6J/iFjHwKk3O20+K3/OqV3z0o5w01X4XyL3hH+0y0sQ8r7z5R856J3/Y0HwTjA==",
      "dependencies": {
        "jsx-ast-utils": "^3.3.1",
        "object.entries": "^1.1.6",
        "prop-types": "^15.8.1",
        "resolve": "^1.22.1",
        "semver": "^7.3.8"
      },
      "engines": {
        "node": ">=12"
      },
      "peerDependencies": {
        "eslint": "^3 || ^4 || ^5 || ^6 || ^7 || ^8"
      }
    },
    "node_modules/follow-redirects": {
      "version": "1.15.4",
      "resolved": "https://registry.npmjs.org/follow-redirects/-/follow-redirects-1.15.4.tgz",
      "integrity": "sha512-+YtUKRj9zu2m9X5naQn7hVQyWc0nKmP0Q4zCipqvX+a5+Yo6hF2e1oW2V2V80j9qR7qQc0c7XQ9+vjBf0Swwyg=="
    },
    "node_modules/form-data": {
      "version": "4.0.0",
      "resolved": "https://registry.npmjs.org/form-data/-/form-data-4.0.0.tgz",
      "integrity": "sha512-ETEklQUiKMGiBqsG/AgCzF5jHuoj+yk5zLJxjhxNJgNDzKCeBm0JPGBYvCG2lONwRvUYlYZK1i2KZam0iNSyig==",
      "dependencies": {
        "asynckit": "^0.4.0",
        "combined-stream": "^1.0.8",
        "mime-types": "^2.1.36"
      },
      "engines": {
        "node": ">= 12"
      }
    },
    "node_modules/framer-motion": {
      "version": "12.6.3",
      "resolved": "https://registry.npmjs.org/framer-motion/-/framer-motion-12.6.3.tgz",
      "integrity": "sha512-0yO5R/H9+m9i7D40yC39Z8uWq46YqT9/lI+p2+L5g0T6k13j977sF+s9BwP4zQkS1U+f1m5T41Y12nO/s8g==",
      "peerDependencies": {
        "react": ">=16.8.0",
        "react-dom": ">=16.8.0"
      }
    },
    "node_modules/glob-parent": {
      "version": "5.1.2",
      "resolved": "https://registry.npmjs.org/glob-parent/-/glob-parent-5.1.2.tgz",
      "integrity": "sha512-AOIgSQCepiJYwP3ARnGxCr9immuIUsnEQVmQ+l23U+ODXw6G7tbnig5n3Gu5H3n4uHJQessFOoksK47ghn1f6w==",
      "engines": {
        "node": ">= 6"
      }
    },
    "node_modules/ignore": {
      "version": "5.2.0",
      "resolved": "https://registry.npmjs.org/ignore/-/ignore-5.2.0.tgz",
      "integrity": "sha512-snkh+mu2v9K+jzcTwKbSN6x5eiyTZnYycFHBjN/ZU2d8YM+jCjVzgjKnsqm9c7NErC2D1QmEaeqyqQMtWvQdQ==",
      "engines": {
        "node": ">= 8.0.0"
      }
    },
    "node_modules/js-yaml": {
      "version": "4.1.0",
      "resolved": "https://registry.npmjs.org/js-yaml/-/js-yaml-4.1.0.tgz",
      "integrity": "sha512-wkhK6FA5cAeSg4UtkbJm+yrNHxG6drj16wjjJcStrKlxygUkNqc7pay2DZ/NcjW+a2UsmCNhlEQjxOo+/bcWNg==",
      "dependencies": {
        "argparse": "^2.0.1"
      },
      "bin": {
        "js-yaml": "bin/js-yaml.js"
      },
      "engines": {
        "node": ">=12"
      }
    },
    "node_modules/json-stable-stringify-without-jsonify": {
      "version": "1.0.8",
      "resolved": "https://registry.npmjs.org/json-stable-stringify-without-jsonify/-/json-stable-stringify-without-jsonify-1.0.8.tgz",
      "integrity": "sha512-kLNV3bEE6HjO9a3tj9lbo59vl9XWd2HyFynKB43jv+m8+BqhRzWq0Wcew+7nhI4mr8lJNZjr2v3UhJowp2jrw=="
    },
    "node_modules/lodash.merge": {
      "version": "4.6.2",
      "resolved": "https://registry.npmjs.org/lodash.merge/-/lodash.merge-4.6.2.tgz",
      "integrity": "sha512-0KpjqXMBJmjWiqCc9kf3MxuysubleJ52XWuJqH1ooWqN4IOF322Fd6MTY3JvJjKgEQWMvQZxMKu+qYS9 উদ্দেশ্যে0w=="
    },
    "node_modules/minimatch": {
      "version": "3.0.4",
      "resolved": "https://registry.npmjs.org/minimatch/-/minimatch-3.0.4.tgz",
      "integrity": "sha512-yJHVQEhyqPLUTgt9B83PXu6W3rx4MvvHvSUCWFvqqcUgjoA6LlzUJtkW3L4vJGGm1PWMUjn6YK8jJ16zQ0mICA==",
      "dependencies": {
        "brace-expansion": "^1.1.7"
      },
      "engines": {
        "node": "*"
      }
    },
    "node_modules/natural-compare": {
      "version": "1.4.0",
      "resolved": "https://registry.npmjs.org/natural-compare/-/natural-compare-1.4.0.tgz",
      "integrity": "sha512-9SZj0rD1S5y/JizlbLwMvR4nQo5EYmYF4K06XNnEAlLix6QLL0c0KY0UqCMEwK8H3V5Wz4Yj10/KOQ9y59tQA=="
    },
    "node_modules/object.entries": {
      "version": "1.1.7",
      "resolved": "https://registry.npmjs.org/object.entries/-/object.entries-1.1.7.tgz",
      "integrity": "sha512-lGmWsVObP77XU4j6G8jS/H9vOlU5tQ26HBkQSuU9tjnqLCHj6m6cPPcSPJdI+s+xY+c1fL9wP5eWf1KUtgHSAg==",
      "dependencies": {
        "define-properties": "^1.1.4",
        "es-abstract": "^1.18.5",
        "function-bind": "^1.1.1",
        "has": "^1.0.3"
      }
    },
    "node_modules/optionator": {
      "version": "0.9.1",
      "resolved": "https://registry.npmjs.org/optionator/-/optionator-0.9.1.tgz",
      "integrity": "sha512-74oI04Hdq93gO4bk3n7GmX6Qe8Kyp/2+TSy4mEoVEy0uISgNjj9bkC1XmB588Yw3963t+u1Cp09b90+zRrh8A==",
      "dependencies": {
        "deep-is": "^1.0.1",
        "fast-levenshtein": "^1.1.4",
        "levn": "^0.4.1",
        "prelude-ls": "^1.2.1",
        "type-check": "^0.4.0"
      },
      "engines": {
        "node": ">= 8"
      }
    },
    "node_modules/postcss": {
      "version": "8.4.35",
      "resolved": "https://registry.npmjs.org/postcss/-/postcss-8.4.35.tgz",
      "integrity": "sha512-KSU5vW/pzt04m713bQKQj0RBEiwg8vJ20dZT9+fH9X00I8eQyjbS6FzPmqtQ+7tJ02w/1uKPG20yuwN9vXo34A==",
      "engines": {
        "node": ">=14.0"
      },
      "funding": {
        "type": "opencollective",
        "url": "https://opencollective.com/postcss"
      }
    },
    "node_modules/prettier": {
      "version": "3.2.5",
      "resolved": "https://registry.npmjs.org/prettier/-/prettier-3.2.5.tgz",
      "integrity": "sha512-3ISthgWEOZNG99eP6hGEEGDVvmKkoI3QG+6wkeHwJvoETwVkJE7JpP3Iwi4dWZAjEq+ue+Eqe5lTCa2vwyRJMw==",
      "bin": {
        "prettier": "bin/prettier.mjs"
      },
      "engines": {
        "node": ">=14"
      },
      "funding": {
        "url": "https://github.com/prettier/prettier?sponsor=1"
      }
    },
    "node_modules/react": {
      "version": "18.3.1",
      "resolved": "https://registry.npmjs.org/react/-/react-18.3.1.tgz",
      "integrity": "sha512-Q445Lg5oW0YztXjEwY/0JYeF3h+0gKjM5y+yuA3GvK6L9yOQy9Vv859mE9c6vX9lXF9W+49Nf1Xp5G7n53v+w==",
      "peerDependencies": {
        "react-native": "*"
      }
    },
    "node_modules/react-dom": {
      "version": "18.3.1",
      "resolved": "https://registry.npmjs.org/react-dom/-/react-dom-18.3.1.tgz",
      "integrity": "sha512-M4w967R7Glj4c73P3jG19Vf678u4Irv49rSGkgzYlO/i9w81xO2FvFgnv/m1t/S6W44K/yS0KntFQxG4E98xw==",
      "peerDependencies": {
        "react-native": "*"
      }
    },
    "node_modules/semver": {
      "version": "7.5.4",
      "resolved": "https://registry.npmjs.org/semver/-/semver-7.5.4.tgz",
      "integrity": "sha512-SI7NbbQj4ZK2OkT9n1AM9a16Vv1CnIZ/0mBGTU8wX+R9VjSq5E3F/i+M/cBtUuO6iC/69YLg8C0BvEjj5+9WQ==",
      "engines": {
        "node": ">=10"
      }
    },
    "node_modules/tailwindcss": {
      "version": "3.3.5",
      "resolved": "https://registry.npmjs.org/tailwindcss/-/tailwindcss-